
Microsoft Visual Studio Solution File, Format Version 12.00
# Visual Studio Version 16
VisualStudioVersion = 16.0.30011.22
MinimumVisualStudioVersion = 10.0.40219.1
Project("{9A19103F-16F7-4668-BE54-9A1E7A4F7556}") = "MQSharp", "MQSharp\MQSharp.csproj", "{4E1D58E5-C0BF-422C-98C6-1FEBEB9550AD}"
EndProject
Project("{9A19103F-16F7-4668-BE54-9A1E7A4F7556}") = "SampleClient", "SampleClient\SampleClient.csproj", "{43F61E9A-2F99-4BDC-B6C9-35670834D828}"
EndProject
Global
	GlobalSection(SolutionConfigurationPlatforms) = preSolution
		Debug|Any CPU = Debug|Any CPU
		Release|Any CPU = Release|Any CPU
	EndGlobalSection
	GlobalSection(ProjectConfigurationPlatforms) = postSolution
		{4E1D58E5-C0BF-422C-98C6-1FEBEB9550AD}.Debug|Any CPU.ActiveCfg = Debug|Any CPU
		{4E1D58E5-C0BF-422C-98C6-1FEBEB9550AD}.Debug|Any CPU.Build.0 = Debug|Any CPU
		{4E1D58E5-C0BF-422C-98C6-1FEBEB9550AD}.Release|Any CPU.ActiveCfg = Release|Any CPU
		{4E1D58E5-C0BF-422C-98C6-1FEBEB9550AD}.Release|Any CPU.Build.0 = Release|Any CPU
		{43F61E9A-2F99-4BDC-B6C9-35670834D828}.Debug|Any CPU.ActiveCfg = Debug|Any CPU
		{43F61E9A-2F99-4BDC-B6C9-35670834D828}.Debug|Any CPU.Build.0 = Debug|Any CPU
		{43F61E9A-2F99-4BDC-B6C9-35670834D828}.Release|Any CPU.ActiveCfg = Release|Any CPU
		{43F61E9A-2F99-4BDC-B6C9-35670834D828}.Release|Any CPU.Build.0 = Release|Any CPU
	EndGlobalSection
	GlobalSection(SolutionProperties) = preSolution
		HideSolutionNode = FALSE
	EndGlobalSection
	GlobalSection(ExtensibilityGlobals) = postSolution
		SolutionGuid = {F6889E9B-7A4B-4156-9CFC-4EBA627769F1}
	EndGlobalSection
EndGlobal
